
Microsoft Visual Studio Solution File, Format Version 12.00
# Visual Studio Version 17
VisualStudioVersion = 17.11.35303.130
MinimumVisualStudioVersion = 10.0.40219.1
Project("{2150E333-8FDC-42A3-9474-1A3956D46DE8}") = "Task0", "Task0", "{6AC1B2E0-CA78-4717-9B3D-78D12374F333}"
EndProject
Project("{9A19103F-16F7-4668-BE54-9A1E7A4F7556}") = "Tyuiu.FilatovDK.Sprint6.Task0.V13.Lib", "Tyuiu.FilatovDK.Sprint6.Task0.V13.Lib\Tyuiu.FilatovDK.Sprint6.Task0.V13.Lib.csproj", "{A836C442-9F44-453E-A387-E370F724E7D9}"
EndProject
Project("{9A19103F-16F7-4668-BE54-9A1E7A4F7556}") = "Tyuiu.FilatovDK.Sprint6.Task0.V13.Test", "Tyuiu.FilatovDK.Sprint6.Task0.V13.Test\Tyuiu.FilatovDK.Sprint6.Task0.V13.Test.csproj", "{B31436D9-1A35-4BE0-8156-16766CD58860}"
EndProject
Project("{9A19103F-16F7-4668-BE54-9A1E7A4F7556}") = "Tyuiu.FilatovDK.Sprint6.Task0.V13", "Tyuiu.FilatovDK.Sprint6.Task0.V13\Tyuiu.FilatovDK.Sprint6.Task0.V13.csproj", "{D5BD320F-FEE3-49D8-B26A-2CE570DCBB6D}"
EndProject
Project("{2150E333-8FDC-42A3-9474-1A3956D46DE8}") = "Task1", "Task1", "{E92B5962-6D44-4F8C-9276-8F748F7D59C9}"
EndProject
Project("{9A19103F-16F7-4668-BE54-9A1E7A4F7556}") = "Tyuiu.FilatovDK.Sprint6.Task1.V3", "Tyuiu.FilatovDK.Sprint6.Task1.V3\Tyuiu.FilatovDK.Sprint6.Task1.V3.csproj", "{6F104493-99EC-4782-B090-92C8F1977765}"
EndProject
Project("{9A19103F-16F7-4668-BE54-9A1E7A4F7556}") = "Tyuiu.FilatovDK.Sprint6.Task1.V3.Test", "Tyuiu.FilatovDK.Sprint6.Task1.V3.Test\Tyuiu.FilatovDK.Sprint6.Task1.V3.Test.csproj", "{9439B2A4-B5A9-434F-A1A5-5E3C942A4D5A}"
EndProject
Project("{9A19103F-16F7-4668-BE54-9A1E7A4F7556}") = "Tyuiu.FilatovDK.Sprint6.Task1.V3.Lib", "Tyuiu.FilatovDK.Sprint6.Task1.V3.Lib\Tyuiu.FilatovDK.Sprint6.Task1.V3.Lib.csproj", "{939C6122-F848-4609-9334-796C4D43FBAB}"
EndProject
Project("{2150E333-8FDC-42A3-9474-1A3956D46DE8}") = "Task2", "Task2", "{586C1A75-3765-4EA2-AA5E-59F77330613A}"
EndProject
Project("{FAE04EC0-301F-11D3-BF4B-00C04F79EFBC}") = "Tyuiu.FilatovDK.Sprint6.Task2.V12.Test", "Tyuiu.FilatovDK.Sprint6.Task2.V12.Test\Tyuiu.FilatovDK.Sprint6.Task2.V12.Test.csproj", "{E0CC891D-8DE9-48A9-BA0D-698911D01242}"
EndProject
Project("{FAE04EC0-301F-11D3-BF4B-00C04F79EFBC}") = "Tyuiu.FilatovDK.Sprint6.Task2.V12.Lib", "Tyuiu.FilatovDK.Sprint6.Task2.V12.Lib\Tyuiu.FilatovDK.Sprint6.Task2.V12.Lib.csproj", "{A1847A2F-99FB-4FBF-B7AA-5491BE2B0BFA}"
EndProject
Project("{FAE04EC0-301F-11D3-BF4B-00C04F79EFBC}") = "Tyuiu.FilatovDK.Sprint6.Task2.V12", "Tyuiu.FilatovDK.Sprint6.Task2.V12\Tyuiu.FilatovDK.Sprint6.Task2.V12.csproj", "{45A7A501-0E0E-4E73-BF95-4C6B7983A678}"
EndProject
Project("{2150E333-8FDC-42A3-9474-1A3956D46DE8}") = "Task3", "Task3", "{7A8FE851-8B74-4B74-AF4D-0EFF2F87AD3F}"
EndProject
Project("{FAE04EC0-301F-11D3-BF4B-00C04F79EFBC}") = "Tyuiu.FilatovDK.Sprint6.Task3.V26", "Tyuiu.FilatovDK.Sprint6.Task3.V26\Tyuiu.FilatovDK.Sprint6.Task3.V26.csproj", "{E5558B63-2CB1-44CD-8829-3D55B745A099}"
EndProject
Project("{FAE04EC0-301F-11D3-BF4B-00C04F79EFBC}") = "Tyuiu.FilatovDK.Sprint6.Task3.V26.Lib", "Tyuiu.FilatovDK.Sprint6.Task3.V26.Lib\Tyuiu.FilatovDK.Sprint6.Task3.V26.Lib.csproj", "{9795CF26-762D-4AB2-BC51-90390B4D4F1B}"
EndProject
Project("{FAE04EC0-301F-11D3-BF4B-00C04F79EFBC}") = "Tyuiu.FilatovDK.Sprint6.Task3.V26.Test", "Tyuiu.FilatovDK.Sprint6.Task3.V26.Test\Tyuiu.FilatovDK.Sprint6.Task3.V26.Test.csproj", "{43335D7D-275B-49DD-BCFF-AB803A9CC2E4}"
EndProject
Project("{2150E333-8FDC-42A3-9474-1A3956D46DE8}") = "Task4", "Task4", "{F601B446-E873-4BDA-B0FB-35C1B4E5EF2D}"
EndProject
Project("{FAE04EC0-301F-11D3-BF4B-00C04F79EFBC}") = "Tyuiu.FilatovDK.Sprint6.Task4.V13.Test", "Tyuiu.FilatovDK.Sprint6.Task4.V13.Test\Tyuiu.FilatovDK.Sprint6.Task4.V13.Test.csproj", "{265FB129-340C-4328-8A9D-3661427F46F3}"
EndProject
Project("{FAE04EC0-301F-11D3-BF4B-00C04F79EFBC}") = "Tyuiu.FilatovDK.Sprint6.Task4.V13.Lib", "Tyuiu.FilatovDK.Sprint6.Task4.V13.Lib\Tyuiu.FilatovDK.Sprint6.Task4.V13.Lib.csproj", "{B1DAEE29-7ADF-44C3-8A59-23500D399295}"
EndProject
Project("{FAE04EC0-301F-11D3-BF4B-00C04F79EFBC}") = "Tyuiu.FilatovDK.Sprint6.Task4.V13", "Tyuiu.FilatovDK.Sprint6.Task4.V13\Tyuiu.FilatovDK.Sprint6.Task4.V13.csproj", "{D0D5621C-D83B-4CD7-AD6A-682A3776E4C3}"
EndProject
Global
	GlobalSection(SolutionConfigurationPlatforms) = preSolution
		Debug|Any CPU = Debug|Any CPU
		Release|Any CPU = Release|Any CPU
	EndGlobalSection
	GlobalSection(ProjectConfigurationPlatforms) = postSolution
		{A836C442-9F44-453E-A387-E370F724E7D9}.Debug|Any CPU.ActiveCfg = Debug|Any CPU
		{A836C442-9F44-453E-A387-E370F724E7D9}.Debug|Any CPU.Build.0 = Debug|Any CPU
		{A836C442-9F44-453E-A387-E370F724E7D9}.Release|Any CPU.ActiveCfg = Release|Any CPU
		{A836C442-9F44-453E-A387-E370F724E7D9}.Release|Any CPU.Build.0 = Release|Any CPU
		{B31436D9-1A35-4BE0-8156-16766CD58860}.Debug|Any CPU.ActiveCfg = Debug|Any CPU
		{B31436D9-1A35-4BE0-8156-16766CD58860}.Debug|Any CPU.Build.0 = Debug|Any CPU
		{B31436D9-1A35-4BE0-8156-16766CD58860}.Release|Any CPU.ActiveCfg = Release|Any CPU
		{B31436D9-1A35-4BE0-8156-16766CD58860}.Release|Any CPU.Build.0 = Release|Any CPU
		{D5BD320F-FEE3-49D8-B26A-2CE570DCBB6D}.Debug|Any CPU.ActiveCfg = Debug|Any CPU
		{D5BD320F-FEE3-49D8-B26A-2CE570DCBB6D}.Debug|Any CPU.Build.0 = Debug|Any CPU
		{D5BD320F-FEE3-49D8-B26A-2CE570DCBB6D}.Release|Any CPU.ActiveCfg = Release|Any CPU
		{D5BD320F-FEE3-49D8-B26A-2CE570DCBB6D}.Release|Any CPU.Build.0 = Release|Any CPU
		{6F104493-99EC-4782-B090-92C8F1977765}.Debug|Any CPU.ActiveCfg = Debug|Any CPU
		{6F104493-99EC-4782-B090-92C8F1977765}.Debug|Any CPU.Build.0 = Debug|Any CPU
		{6F104493-99EC-4782-B090-92C8F1977765}.Release|Any CPU.ActiveCfg = Release|Any CPU
		{6F104493-99EC-4782-B090-92C8F1977765}.Release|Any CPU.Build.0 = Release|Any CPU
		{9439B2A4-B5A9-434F-A1A5-5E3C942A4D5A}.Debug|Any CPU.ActiveCfg = Debug|Any CPU
		{9439B2A4-B5A9-434F-A1A5-5E3C942A4D5A}.Debug|Any CPU.Build.0 = Debug|Any CPU
		{9439B2A4-B5A9-434F-A1A5-5E3C942A4D5A}.Release|Any CPU.ActiveCfg = Release|Any CPU
		{9439B2A4-B5A9-434F-A1A5-5E3C942A4D5A}.Release|Any CPU.Build.0 = Release|Any CPU
		{939C6122-F848-4609-9334-796C4D43FBAB}.Debug|Any CPU.ActiveCfg = Debug|Any CPU
		{939C6122-F848-4609-9334-796C4D43FBAB}.Debug|Any CPU.Build.0 = Debug|Any CPU
		{939C6122-F848-4609-9334-796C4D43FBAB}.Release|Any CPU.ActiveCfg = Release|Any CPU
		{939C6122-F848-4609-9334-796C4D43FBAB}.Release|Any CPU.Build.0 = Release|Any CPU
		{E0CC891D-8DE9-48A9-BA0D-698911D01242}.Debug|Any CPU.ActiveCfg = Debug|Any CPU
		{E0CC891D-8DE9-48A9-BA0D-698911D01242}.Debug|Any CPU.Build.0 = Debug|Any CPU
		{E0CC891D-8DE9-48A9-BA0D-698911D01242}.Release|Any CPU.ActiveCfg = Release|Any CPU
		{E0CC891D-8DE9-48A9-BA0D-698911D01242}.Release|Any CPU.Build.0 = Release|Any CPU
		{A1847A2F-99FB-4FBF-B7AA-5491BE2B0BFA}.Debug|Any CPU.ActiveCfg = Debug|Any CPU
		{A1847A2F-99FB-4FBF-B7AA-5491BE2B0BFA}.Debug|Any CPU.Build.0 = Debug|Any CPU
		{A1847A2F-99FB-4FBF-B7AA-5491BE2B0BFA}.Release|Any CPU.ActiveCfg = Release|Any CPU
		{A1847A2F-99FB-4FBF-B7AA-5491BE2B0BFA}.Release|Any CPU.Build.0 = Release|Any CPU
		{45A7A501-0E0E-4E73-BF95-4C6B7983A678}.Debug|Any CPU.ActiveCfg = Debug|Any CPU
		{45A7A501-0E0E-4E73-BF95-4C6B7983A678}.Debug|Any CPU.Build.0 = Debug|Any CPU
		{45A7A501-0E0E-4E73-BF95-4C6B7983A678}.Release|Any CPU.ActiveCfg = Release|Any CPU
		{45A7A501-0E0E-4E73-BF95-4C6B7983A678}.Release|Any CPU.Build.0 = Release|Any CPU
		{E5558B63-2CB1-44CD-8829-3D55B745A099}.Debug|Any CPU.ActiveCfg = Debug|Any CPU
		{E5558B63-2CB1-44CD-8829-3D55B745A099}.Debug|Any CPU.Build.0 = Debug|Any CPU
		{E5558B63-2CB1-44CD-8829-3D55B745A099}.Release|Any CPU.ActiveCfg = Release|Any CPU
		{E5558B63-2CB1-44CD-8829-3D55B745A099}.Release|Any CPU.Build.0 = Release|Any CPU
		{9795CF26-762D-4AB2-BC51-90390B4D4F1B}.Debug|Any CPU.ActiveCfg = Debug|Any CPU
		{9795CF26-762D-4AB2-BC51-90390B4D4F1B}.Debug|Any CPU.Build.0 = Debug|Any CPU
		{9795CF26-762D-4AB2-BC51-90390B4D4F1B}.Release|Any CPU.ActiveCfg = Release|Any CPU
		{9795CF26-762D-4AB2-BC51-90390B4D4F1B}.Release|Any CPU.Build.0 = Release|Any CPU
		{43335D7D-275B-49DD-BCFF-AB803A9CC2E4}.Debug|Any CPU.ActiveCfg = Debug|Any CPU
		{43335D7D-275B-49DD-BCFF-AB803A9CC2E4}.Debug|Any CPU.Build.0 = Debug|Any CPU
		{43335D7D-275B-49DD-BCFF-AB803A9CC2E4}.Release|Any CPU.ActiveCfg = Release|Any CPU
		{43335D7D-275B-49DD-BCFF-AB803A9CC2E4}.Release|Any CPU.Build.0 = Release|Any CPU
		{265FB129-340C-4328-8A9D-3661427F46F3}.Debug|Any CPU.ActiveCfg = Debug|Any CPU
		{265FB129-340C-4328-8A9D-3661427F46F3}.Debug|Any CPU.Build.0 = Debug|Any CPU
		{265FB129-340C-4328-8A9D-3661427F46F3}.Release|Any CPU.ActiveCfg = Release|Any CPU
		{265FB129-340C-4328-8A9D-3661427F46F3}.Release|Any CPU.Build.0 = Release|Any CPU
		{B1DAEE29-7ADF-44C3-8A59-23500D399295}.Debug|Any CPU.ActiveCfg = Debug|Any CPU
		{B1DAEE29-7ADF-44C3-8A59-23500D399295}.Debug|Any CPU.Build.0 = Debug|Any CPU
		{B1DAEE29-7ADF-44C3-8A59-23500D399295}.Release|Any CPU.ActiveCfg = Release|Any CPU
		{B1DAEE29-7ADF-44C3-8A59-23500D399295}.Release|Any CPU.Build.0 = Release|Any CPU
		{D0D5621C-D83B-4CD7-AD6A-682A3776E4C3}.Debug|Any CPU.ActiveCfg = Debug|Any CPU
		{D0D5621C-D83B-4CD7-AD6A-682A3776E4C3}.Debug|Any CPU.Build.0 = Debug|Any CPU
		{D0D5621C-D83B-4CD7-AD6A-682A3776E4C3}.Release|Any CPU.ActiveCfg = Release|Any CPU
		{D0D5621C-D83B-4CD7-AD6A-682A3776E4C3}.Release|Any CPU.Build.0 = Release|Any CPU
	EndGlobalSection
	GlobalSection(SolutionProperties) = preSolution
		HideSolutionNode = FALSE
	EndGlobalSection
	GlobalSection(NestedProjects) = preSolution
		{A836C442-9F44-453E-A387-E370F724E7D9} = {6AC1B2E0-CA78-4717-9B3D-78D12374F333}
		{B31436D9-1A35-4BE0-8156-16766CD58860} = {6AC1B2E0-CA78-4717-9B3D-78D12374F333}
		{D5BD320F-FEE3-49D8-B26A-2CE570DCBB6D} = {6AC1B2E0-CA78-4717-9B3D-78D12374F333}
		{6F104493-99EC-4782-B090-92C8F1977765} = {E92B5962-6D44-4F8C-9276-8F748F7D59C9}
		{9439B2A4-B5A9-434F-A1A5-5E3C942A4D5A} = {E92B5962-6D44-4F8C-9276-8F748F7D59C9}
		{939C6122-F848-4609-9334-796C4D43FBAB} = {E92B5962-6D44-4F8C-9276-8F748F7D59C9}
		{E0CC891D-8DE9-48A9-BA0D-698911D01242} = {586C1A75-3765-4EA2-AA5E-59F77330613A}
		{A1847A2F-99FB-4FBF-B7AA-5491BE2B0BFA} = {586C1A75-3765-4EA2-AA5E-59F77330613A}
		{45A7A501-0E0E-4E73-BF95-4C6B7983A678} = {586C1A75-3765-4EA2-AA5E-59F77330613A}
		{E5558B63-2CB1-44CD-8829-3D55B745A099} = {7A8FE851-8B74-4B74-AF4D-0EFF2F87AD3F}
		{9795CF26-762D-4AB2-BC51-90390B4D4F1B} = {7A8FE851-8B74-4B74-AF4D-0EFF2F87AD3F}
		{43335D7D-275B-49DD-BCFF-AB803A9CC2E4} = {7A8FE851-8B74-4B74-AF4D-0EFF2F87AD3F}
		{265FB129-340C-4328-8A9D-3661427F46F3} = {F601B446-E873-4BDA-B0FB-35C1B4E5EF2D}
		{B1DAEE29-7ADF-44C3-8A59-23500D399295} = {F601B446-E873-4BDA-B0FB-35C1B4E5EF2D}
		{D0D5621C-D83B-4CD7-AD6A-682A3776E4C3} = {F601B446-E873-4BDA-B0FB-35C1B4E5EF2D}
	EndGlobalSection
	GlobalSection(ExtensibilityGlobals) = postSolution
		SolutionGuid = {D5F554F3-E189-4F62-A095-594B4A50AA94}
	EndGlobalSection
EndGlobal
